
Microsoft Visual Studio Solution File, Format Version 12.00
# Visual Studio Version 17
VisualStudioVersion = 17.10.34916.146
MinimumVisualStudioVersion = 10.0.40219.1
Project("{2150E333-8FDC-42A3-9474-1A3956D46DE8}") = "src", "src", "{374D80BB-6A9B-4915-91CB-A80C010DE2D4}"
EndProject
Project("{2150E333-8FDC-42A3-9474-1A3956D46DE8}") = "backend", "backend", "{26459C11-CE6A-479F-8FEA-8755A5E692F5}"
EndProject
Project("{2150E333-8FDC-42A3-9474-1A3956D46DE8}") = "shared", "shared", "{F332E10D-5204-40F4-8339-7823D1598607}"
EndProject
Project("{2150E333-8FDC-42A3-9474-1A3956D46DE8}") = "tests", "tests", "{4662E63F-75A4-484C-ADF9-5091ADBDD206}"
EndProject
Project("{9A19103F-16F7-4668-BE54-9A1E7A4F7556}") = "rent.api", "src\backend\rent.api\rent.api.csproj", "{93DC0739-8235-4621-ACD6-3E7222C499EE}"
EndProject
Project("{9A19103F-16F7-4668-BE54-9A1E7A4F7556}") = "rent.application", "src\backend\rent.application\rent.application.csproj", "{5CE15CBB-C52A-49C1-9ECB-EE0B7B873052}"
EndProject
Project("{9A19103F-16F7-4668-BE54-9A1E7A4F7556}") = "rent.domain", "src\backend\rent.domain\rent.domain.csproj", "{73A48666-6F57-4082-A395-902B4BDE348C}"
EndProject
Project("{9A19103F-16F7-4668-BE54-9A1E7A4F7556}") = "rent.infrastructure", "src\backend\rent.infrastructure\rent.infrastructure.csproj", "{063CAF9E-91F4-4822-86F2-2DE5B131ADB5}"
EndProject
Project("{9A19103F-16F7-4668-BE54-9A1E7A4F7556}") = "rent.communication", "src\shared\rent.communication\rent.communication.csproj", "{0DD29CCF-F138-4E6A-8F4C-4B5723228341}"
EndProject
Project("{9A19103F-16F7-4668-BE54-9A1E7A4F7556}") = "rent.exceptions", "src\shared\rent.exceptions\rent.exceptions.csproj", "{0C39C719-8A90-4CB0-A9DD-A920B04391B9}"
EndProject
Project("{9A19103F-16F7-4668-BE54-9A1E7A4F7556}") = "Validators.Test", "src\tests\Validators.Test\Validators.Test.csproj", "{35DF792C-7FD8-4FC7-B448-DC9552315D3C}"
EndProject
Project("{9A19103F-16F7-4668-BE54-9A1E7A4F7556}") = "CommomTestUtilities", "src\tests\CommomTestUtilities\CommomTestUtilities.csproj", "{D579EABA-1B34-430A-BAD9-3C5C483B9B30}"
EndProject
Project("{9A19103F-16F7-4668-BE54-9A1E7A4F7556}") = "UseCases.Test", "src\tests\UseCases.Test\UseCases.Test.csproj", "{E2335F5C-C0D8-4538-B950-A2084E8D8F6B}"
EndProject
Project("{9A19103F-16F7-4668-BE54-9A1E7A4F7556}") = "WebApi.Test", "src\tests\WebApi.Test\WebApi.Test.csproj", "{5D87ADE1-3B21-4733-A991-1B37C1CA51DE}"
EndProject
Global
	GlobalSection(SolutionConfigurationPlatforms) = preSolution
		Debug|Any CPU = Debug|Any CPU
		Release|Any CPU = Release|Any CPU
	EndGlobalSection
	GlobalSection(ProjectConfigurationPlatforms) = postSolution
		{93DC0739-8235-4621-ACD6-3E7222C499EE}.Debug|Any CPU.ActiveCfg = Debug|Any CPU
		{93DC0739-8235-4621-ACD6-3E7222C499EE}.Debug|Any CPU.Build.0 = Debug|Any CPU
		{93DC0739-8235-4621-ACD6-3E7222C499EE}.Release|Any CPU.ActiveCfg = Release|Any CPU
		{93DC0739-8235-4621-ACD6-3E7222C499EE}.Release|Any CPU.Build.0 = Release|Any CPU
		{5CE15CBB-C52A-49C1-9ECB-EE0B7B873052}.Debug|Any CPU.ActiveCfg = Debug|Any CPU
		{5CE15CBB-C52A-49C1-9ECB-EE0B7B873052}.Debug|Any CPU.Build.0 = Debug|Any CPU
		{5CE15CBB-C52A-49C1-9ECB-EE0B7B873052}.Release|Any CPU.ActiveCfg = Release|Any CPU
		{5CE15CBB-C52A-49C1-9ECB-EE0B7B873052}.Release|Any CPU.Build.0 = Release|Any CPU
		{73A48666-6F57-4082-A395-902B4BDE348C}.Debug|Any CPU.ActiveCfg = Debug|Any CPU
		{73A48666-6F57-4082-A395-902B4BDE348C}.Debug|Any CPU.Build.0 = Debug|Any CPU
		{73A48666-6F57-4082-A395-902B4BDE348C}.Release|Any CPU.ActiveCfg = Release|Any CPU
		{73A48666-6F57-4082-A395-902B4BDE348C}.Release|Any CPU.Build.0 = Release|Any CPU
		{063CAF9E-91F4-4822-86F2-2DE5B131ADB5}.Debug|Any CPU.ActiveCfg = Debug|Any CPU
		{063CAF9E-91F4-4822-86F2-2DE5B131ADB5}.Debug|Any CPU.Build.0 = Debug|Any CPU
		{063CAF9E-91F4-4822-86F2-2DE5B131ADB5}.Release|Any CPU.ActiveCfg = Release|Any CPU
		{063CAF9E-91F4-4822-86F2-2DE5B131ADB5}.Release|Any CPU.Build.0 = Release|Any CPU
		{0DD29CCF-F138-4E6A-8F4C-4B5723228341}.Debug|Any CPU.ActiveCfg = Debug|Any CPU
		{0DD29CCF-F138-4E6A-8F4C-4B5723228341}.Debug|Any CPU.Build.0 = Debug|Any CPU
		{0DD29CCF-F138-4E6A-8F4C-4B5723228341}.Release|Any CPU.ActiveCfg = Release|Any CPU
		{0DD29CCF-F138-4E6A-8F4C-4B5723228341}.Release|Any CPU.Build.0 = Release|Any CPU
		{0C39C719-8A90-4CB0-A9DD-A920B04391B9}.Debug|Any CPU.ActiveCfg = Debug|Any CPU
		{0C39C719-8A90-4CB0-A9DD-A920B04391B9}.Debug|Any CPU.Build.0 = Debug|Any CPU
		{0C39C719-8A90-4CB0-A9DD-A920B04391B9}.Release|Any CPU.ActiveCfg = Release|Any CPU
		{0C39C719-8A90-4CB0-A9DD-A920B04391B9}.Release|Any CPU.Build.0 = Release|Any CPU
		{35DF792C-7FD8-4FC7-B448-DC9552315D3C}.Debug|Any CPU.ActiveCfg = Debug|Any CPU
		{35DF792C-7FD8-4FC7-B448-DC9552315D3C}.Debug|Any CPU.Build.0 = Debug|Any CPU
		{35DF792C-7FD8-4FC7-B448-DC9552315D3C}.Release|Any CPU.ActiveCfg = Release|Any CPU
		{35DF792C-7FD8-4FC7-B448-DC9552315D3C}.Release|Any CPU.Build.0 = Release|Any CPU
		{D579EABA-1B34-430A-BAD9-3C5C483B9B30}.Debug|Any CPU.ActiveCfg = Debug|Any CPU
		{D579EABA-1B34-430A-BAD9-3C5C483B9B30}.Debug|Any CPU.Build.0 = Debug|Any CPU
		{D579EABA-1B34-430A-BAD9-3C5C483B9B30}.Release|Any CPU.ActiveCfg = Release|Any CPU
		{D579EABA-1B34-430A-BAD9-3C5C483B9B30}.Release|Any CPU.Build.0 = Release|Any CPU
		{E2335F5C-C0D8-4538-B950-A2084E8D8F6B}.Debug|Any CPU.ActiveCfg = Debug|Any CPU
		{E2335F5C-C0D8-4538-B950-A2084E8D8F6B}.Debug|Any CPU.Build.0 = Debug|Any CPU
		{E2335F5C-C0D8-4538-B950-A2084E8D8F6B}.Release|Any CPU.ActiveCfg = Release|Any CPU
		{E2335F5C-C0D8-4538-B950-A2084E8D8F6B}.Release|Any CPU.Build.0 = Release|Any CPU
		{5D87ADE1-3B21-4733-A991-1B37C1CA51DE}.Debug|Any CPU.ActiveCfg = Debug|Any CPU
		{5D87ADE1-3B21-4733-A991-1B37C1CA51DE}.Debug|Any CPU.Build.0 = Debug|Any CPU
		{5D87ADE1-3B21-4733-A991-1B37C1CA51DE}.Release|Any CPU.ActiveCfg = Release|Any CPU
		{5D87ADE1-3B21-4733-A991-1B37C1CA51DE}.Release|Any CPU.Build.0 = Release|Any CPU
	EndGlobalSection
	GlobalSection(SolutionProperties) = preSolution
		HideSolutionNode = FALSE
	EndGlobalSection
	GlobalSection(NestedProjects) = preSolution
		{26459C11-CE6A-479F-8FEA-8755A5E692F5} = {374D80BB-6A9B-4915-91CB-A80C010DE2D4}
		{F332E10D-5204-40F4-8339-7823D1598607} = {374D80BB-6A9B-4915-91CB-A80C010DE2D4}
		{4662E63F-75A4-484C-ADF9-5091ADBDD206} = {374D80BB-6A9B-4915-91CB-A80C010DE2D4}
		{93DC0739-8235-4621-ACD6-3E7222C499EE} = {26459C11-CE6A-479F-8FEA-8755A5E692F5}
		{5CE15CBB-C52A-49C1-9ECB-EE0B7B873052} = {26459C11-CE6A-479F-8FEA-8755A5E692F5}
		{73A48666-6F57-4082-A395-902B4BDE348C} = {26459C11-CE6A-479F-8FEA-8755A5E692F5}
		{063CAF9E-91F4-4822-86F2-2DE5B131ADB5} = {26459C11-CE6A-479F-8FEA-8755A5E692F5}
		{0DD29CCF-F138-4E6A-8F4C-4B5723228341} = {F332E10D-5204-40F4-8339-7823D1598607}
		{0C39C719-8A90-4CB0-A9DD-A920B04391B9} = {F332E10D-5204-40F4-8339-7823D1598607}
		{35DF792C-7FD8-4FC7-B448-DC9552315D3C} = {4662E63F-75A4-484C-ADF9-5091ADBDD206}
		{D579EABA-1B34-430A-BAD9-3C5C483B9B30} = {4662E63F-75A4-484C-ADF9-5091ADBDD206}
		{E2335F5C-C0D8-4538-B950-A2084E8D8F6B} = {4662E63F-75A4-484C-ADF9-5091ADBDD206}
		{5D87ADE1-3B21-4733-A991-1B37C1CA51DE} = {4662E63F-75A4-484C-ADF9-5091ADBDD206}
	EndGlobalSection
	GlobalSection(ExtensibilityGlobals) = postSolution
		SolutionGuid = {494FB49A-3D83-4FB8-A047-963A1E2126FE}
	EndGlobalSection
EndGlobal
